
Microsoft Visual Studio Solution File, Format Version 12.00
# Visual Studio Version 16
VisualStudioVersion = 16.0.29230.47
MinimumVisualStudioVersion = 10.0.40219.1
Project("{8BC9CEB8-8B4A-11D0-8D11-00A0C91BC942}") = "CShell", "CShell\CShell.vcxproj", "{C1ADEBF2-6626-469E-AFF4-524A1A70CB1F}"
EndProject
Global
	GlobalSection(SolutionConfigurationPlatforms) = preSolution
		Debug - AVP2PH|x64 = Debug - AVP2PH|x64
		Debug - AVP2PH|x86 = Debug - AVP2PH|x86
		Debug - NOLF|x64 = Debug - NOLF|x64
		Debug - NOLF|x86 = Debug - NOLF|x86
		Debug - SHOGO|x64 = Debug - SHOGO|x64
		Debug - SHOGO|x86 = Debug - SHOGO|x86
		Release - AVP2PH|x64 = Release - AVP2PH|x64
		Release - AVP2PH|x86 = Release - AVP2PH|x86
		Release - NOLF|x64 = Release - NOLF|x64
		Release - NOLF|x86 = Release - NOLF|x86
		Release - SHOGO|x64 = Release - SHOGO|x64
		Release - SHOGO|x86 = Release - SHOGO|x86
		Release|x64 = Release|x64
		Release|x86 = Release|x86
	EndGlobalSection
	GlobalSection(ProjectConfigurationPlatforms) = postSolution
		{C1ADEBF2-6626-469E-AFF4-524A1A70CB1F}.Debug - AVP2PH|x64.ActiveCfg = Debug - AVP2PH|x64
		{C1ADEBF2-6626-469E-AFF4-524A1A70CB1F}.Debug - AVP2PH|x64.Build.0 = Debug - AVP2PH|x64
		{C1ADEBF2-6626-469E-AFF4-524A1A70CB1F}.Debug - AVP2PH|x86.ActiveCfg = Debug - AVP2PH|Win32
		{C1ADEBF2-6626-469E-AFF4-524A1A70CB1F}.Debug - AVP2PH|x86.Build.0 = Debug - AVP2PH|Win32
		{C1ADEBF2-6626-469E-AFF4-524A1A70CB1F}.Debug - NOLF|x64.ActiveCfg = Debug - NOLF|x64
		{C1ADEBF2-6626-469E-AFF4-524A1A70CB1F}.Debug - NOLF|x64.Build.0 = Debug - NOLF|x64
		{C1ADEBF2-6626-469E-AFF4-524A1A70CB1F}.Debug - NOLF|x86.ActiveCfg = Debug - NOLF|Win32
		{C1ADEBF2-6626-469E-AFF4-524A1A70CB1F}.Debug - NOLF|x86.Build.0 = Debug - NOLF|Win32
		{C1ADEBF2-6626-469E-AFF4-524A1A70CB1F}.Debug - SHOGO|x64.ActiveCfg = Debug - SHOGO|x64
		{C1ADEBF2-6626-469E-AFF4-524A1A70CB1F}.Debug - SHOGO|x64.Build.0 = Debug - SHOGO|x64
		{C1ADEBF2-6626-469E-AFF4-524A1A70CB1F}.Debug - SHOGO|x86.ActiveCfg = Debug - SHOGO|Win32
		{C1ADEBF2-6626-469E-AFF4-524A1A70CB1F}.Debug - SHOGO|x86.Build.0 = Debug - SHOGO|Win32
		{C1ADEBF2-6626-469E-AFF4-524A1A70CB1F}.Release - AVP2PH|x64.ActiveCfg = Release - AVP2PH|x64
		{C1ADEBF2-6626-469E-AFF4-524A1A70CB1F}.Release - AVP2PH|x64.Build.0 = Release - AVP2PH|x64
		{C1ADEBF2-6626-469E-AFF4-524A1A70CB1F}.Release - AVP2PH|x86.ActiveCfg = Release - AVP2PH|Win32
		{C1ADEBF2-6626-469E-AFF4-524A1A70CB1F}.Release - AVP2PH|x86.Build.0 = Release - AVP2PH|Win32
		{C1ADEBF2-6626-469E-AFF4-524A1A70CB1F}.Release - NOLF|x64.ActiveCfg = Release - NOLF|x64
		{C1ADEBF2-6626-469E-AFF4-524A1A70CB1F}.Release - NOLF|x64.Build.0 = Release - NOLF|x64
		{C1ADEBF2-6626-469E-AFF4-524A1A70CB1F}.Release - NOLF|x86.ActiveCfg = Release - NOLF|Win32
		{C1ADEBF2-6626-469E-AFF4-524A1A70CB1F}.Release - NOLF|x86.Build.0 = Release - NOLF|Win32
		{C1ADEBF2-6626-469E-AFF4-524A1A70CB1F}.Release - SHOGO|x64.ActiveCfg = Release - SHOGO|x64
		{C1ADEBF2-6626-469E-AFF4-524A1A70CB1F}.Release - SHOGO|x64.Build.0 = Release - SHOGO|x64
		{C1ADEBF2-6626-469E-AFF4-524A1A70CB1F}.Release - SHOGO|x86.ActiveCfg = Release - SHOGO|Win32
		{C1ADEBF2-6626-469E-AFF4-524A1A70CB1F}.Release - SHOGO|x86.Build.0 = Release - SHOGO|Win32
		{C1ADEBF2-6626-469E-AFF4-524A1A70CB1F}.Release|x64.ActiveCfg = Release|x64
		{C1ADEBF2-6626-469E-AFF4-524A1A70CB1F}.Release|x64.Build.0 = Release|x64
		{C1ADEBF2-6626-469E-AFF4-524A1A70CB1F}.Release|x86.ActiveCfg = Release|Win32
		{C1ADEBF2-6626-469E-AFF4-524A1A70CB1F}.Release|x86.Build.0 = Release|Win32
	EndGlobalSection
	GlobalSection(SolutionProperties) = preSolution
		HideSolutionNode = FALSE
	EndGlobalSection
	GlobalSection(ExtensibilityGlobals) = postSolution
		SolutionGuid = {863F9D08-0806-4B00-9C64-CF012DCF1C09}
	EndGlobalSection
EndGlobal
